// !$*UTF8*$!
{
	archiveVersion = 1;
	classes = {
	};
	objectVersion = 55;
	objects = {

/* Begin PBXBuildFile section */
		FDF84BB728B539BC00A1F160 /* AppDelegate.swift in Sources */ = {isa = PBXBuildFile; fileRef = FDF84BB628B539BC00A1F160 /* AppDelegate.swift */; };
		FDF84BBB28B539BC00A1F160 /* ViewController.swift in Sources */ = {isa = PBXBuildFile; fileRef = FDF84BBA28B539BC00A1F160 /* ViewController.swift */; };
		FDF84BC028B539C000A1F160 /* Assets.xcassets in Resources */ = {isa = PBXBuildFile; fileRef = FDF84BBF28B539C000A1F160 /* Assets.xcassets */; };
		FDF84BC328B539C000A1F160 /* LaunchScreen.storyboard in Resources */ = {isa = PBXBuildFile; fileRef = FDF84BC128B539C000A1F160 /* LaunchScreen.storyboard */; };
		FDF84BCD28B5429A00A1F160 /* Models.swift in Sources */ = {isa = PBXBuildFile; fileRef = FDF84BCC28B5429A00A1F160 /* Models.swift */; };
		FDF84BD728B5494C00A1F160 /* CellView.swift in Sources */ = {isa = PBXBuildFile; fileRef = FDF84BD628B5494C00A1F160 /* CellView.swift */; };
		FDF84BDA28B66E0B00A1F160 /* AppList.swift in Sources */ = {isa = PBXBuildFile; fileRef = FDF84BD928B66E0B00A1F160 /* AppList.swift */; };
		FDF84BDD28B78AF000A1F160 /* TestTableViewCell.swift in Sources */ = {isa = PBXBuildFile; fileRef = FDF84BDB28B78AF000A1F160 /* TestTableViewCell.swift */; };
		FDF84BDE28B78AF000A1F160 /* TestTableViewCell.xib in Resources */ = {isa = PBXBuildFile; fileRef = FDF84BDC28B78AF000A1F160 /* TestTableViewCell.xib */; };
/* End PBXBuildFile section */

/* Begin PBXFileReference section */
		FDF84BB328B539BC00A1F160 /* PhotoMaker.app */ = {isa = PBXFileReference; explicitFileType = wrapper.application; includeInIndex = 0; path = PhotoMaker.app; sourceTree = BUILT_PRODUCTS_DIR; };
		FDF84BB628B539BC00A1F160 /* AppDelegate.swift */ = {isa = PBXFileReference; lastKnownFileType = sourcecode.swift; path = AppDelegate.swift; sourceTree = "<group>"; };
		FDF84BBA28B539BC00A1F160 /* ViewController.swift */ = {isa = PBXFileReference; lastKnownFileType = sourcecode.swift; path = ViewController.swift; sourceTree = "<group>"; };
		FDF84BBF28B539C000A1F160 /* Assets.xcassets */ = {isa = PBXFileReference; lastKnownFileType = folder.assetcatalog; path = Assets.xcassets; sourceTree = "<group>"; };
		FDF84BC228B539C000A1F160 /* Base */ = {isa = PBXFileReference; lastKnownFileType = file.storyboard; name = Base; path = Base.lproj/LaunchScreen.storyboard; sourceTree = "<group>"; };
		FDF84BC428B539C000A1F160 /* Info.plist */ = {isa = PBXFileReference; lastKnownFileType = text.plist.xml; path = Info.plist; sourceTree = "<group>"; };
		FDF84BCC28B5429A00A1F160 /* Models.swift */ = {isa = PBXFileReference; lastKnownFileType = sourcecode.swift; path = Models.swift; sourceTree = "<group>"; };
		FDF84BD628B5494C00A1F160 /* CellView.swift */ = {isa = PBXFileReference; lastKnownFileType = sourcecode.swift; path = CellView.swift; sourceTree = "<group>"; };
		FDF84BD928B66E0B00A1F160 /* AppList.swift */ = {isa = PBXFileReference; lastKnownFileType = sourcecode.swift; path = AppList.swift; sourceTree = "<group>"; };
		FDF84BDB28B78AF000A1F160 /* TestTableViewCell.swift */ = {isa = PBXFileReference; lastKnownFileType = sourcecode.swift; path = TestTableViewCell.swift; sourceTree = "<group>"; };
		FDF84BDC28B78AF000A1F160 /* TestTableViewCell.xib */ = {isa = PBXFileReference; lastKnownFileType = file.xib; path = TestTableViewCell.xib; sourceTree = "<group>"; };
/* End PBXFileReference section */

/* Begin PBXFrameworksBuildPhase section */
		FDF84BB028B539BC00A1F160 /* Frameworks */ = {
			isa = PBXFrameworksBuildPhase;
			buildActionMask = 2147483647;
			files = (
			);
			runOnlyForDeploymentPostprocessing = 0;
		};
/* End PBXFrameworksBuildPhase section */

/* Begin PBXGroup section */
		FDF84BAA28B539BC00A1F160 = {
			isa = PBXGroup;
			children = (
				FDF84BB528B539BC00A1F160 /* PhotoMaker */,
				FDF84BB428B539BC00A1F160 /* Products */,
			);
			sourceTree = "<group>";
		};
		FDF84BB428B539BC00A1F160 /* Products */ = {
			isa = PBXGroup;
			children = (
				FDF84BB328B539BC00A1F160 /* PhotoMaker.app */,
			);
			name = Products;
			sourceTree = "<group>";
		};
		FDF84BB528B539BC00A1F160 /* PhotoMaker */ = {
			isa = PBXGroup;
			children = (
				FDF84BD828B66DCE00A1F160 /* Models */,
				FDF84BD528B5491200A1F160 /* ViewControllers */,
				FDF84BD428B5490800A1F160 /* Views */,
				FDF84BD128B5474A00A1F160 /* Extensions */,
				FDF84BCA28B5426600A1F160 /* API */,
				FDF84BB628B539BC00A1F160 /* AppDelegate.swift */,
				FDF84BBF28B539C000A1F160 /* Assets.xcassets */,
				FDF84BC128B539C000A1F160 /* LaunchScreen.storyboard */,
				FDF84BC428B539C000A1F160 /* Info.plist */,
			);
			path = PhotoMaker;
			sourceTree = "<group>";
		};
		FDF84BCA28B5426600A1F160 /* API */ = {
			isa = PBXGroup;
			children = (
				FDF84BCC28B5429A00A1F160 /* Models.swift */,
			);
			path = API;
			sourceTree = "<group>";
		};
		FDF84BD128B5474A00A1F160 /* Extensions */ = {
			isa = PBXGroup;
			children = (
			);
			path = Extensions;
			sourceTree = "<group>";
		};
		FDF84BD428B5490800A1F160 /* Views */ = {
			isa = PBXGroup;
			children = (
				FDF84BD628B5494C00A1F160 /* CellView.swift */,
				FDF84BDB28B78AF000A1F160 /* TestTableViewCell.swift */,
				FDF84BDC28B78AF000A1F160 /* TestTableViewCell.xib */,
			);
			path = Views;
			sourceTree = "<group>";
		};
		FDF84BD528B5491200A1F160 /* ViewControllers */ = {
			isa = PBXGroup;
			children = (
				FDF84BBA28B539BC00A1F160 /* ViewController.swift */,
			);
			path = ViewControllers;
			sourceTree = "<group>";
		};
		FDF84BD828B66DCE00A1F160 /* Models */ = {
			isa = PBXGroup;
			children = (
				FDF84BD928B66E0B00A1F160 /* AppList.swift */,
			);
			path = Models;
			sourceTree = "<group>";
		};
/* End PBXGroup section */

/* Begin PBXNativeTarget section */
		FDF84BB228B539BC00A1F160 /* PhotoMaker */ = {
			isa = PBXNativeTarget;
			buildConfigurationList = FDF84BC728B539C000A1F160 /* Build configuration list for PBXNativeTarget "PhotoMaker" */;
			buildPhases = (
				FDF84BAF28B539BC00A1F160 /* Sources */,
				FDF84BB028B539BC00A1F160 /* Frameworks */,
				FDF84BB128B539BC00A1F160 /* Resources */,
			);
			buildRules = (
			);
			dependencies = (
			);
			name = PhotoMaker;
			productName = PhotoMaker;
			productReference = FDF84BB328B539BC00A1F160 /* PhotoMaker.app */;
			productType = "com.apple.product-type.application";
		};
/* End PBXNativeTarget section */

/* Begin PBXProject section */
		FDF84BAB28B539BC00A1F160 /* Project object */ = {
			isa = PBXProject;
			attributes = {
				BuildIndependentTargetsInParallel = 1;
				LastSwiftUpdateCheck = 1340;
				LastUpgradeCheck = 1340;
				TargetAttributes = {
					FDF84BB228B539BC00A1F160 = {
						CreatedOnToolsVersion = 13.4.1;
					};
				};
			};
			buildConfigurationList = FDF84BAE28B539BC00A1F160 /* Build configuration list for PBXProject "PhotoMaker" */;
			compatibilityVersion = "Xcode 13.0";
			developmentRegion = en;
			hasScannedForEncodings = 0;
			knownRegions = (
				en,
				Base,
			);
			mainGroup = FDF84BAA28B539BC00A1F160;
			productRefGroup = FDF84BB428B539BC00A1F160 /* Products */;
			projectDirPath = "";
			projectRoot = "";
			targets = (
				FDF84BB228B539BC00A1F160 /* PhotoMaker */,
			);
		};
/* End PBXProject section */

/* Begin PBXResourcesBuildPhase section */
		FDF84BB128B539BC00A1F160 /* Resources */ = {
			isa = PBXResourcesBuildPhase;
			buildActionMask = 2147483647;
			files = (
				FDF84BDE28B78AF000A1F160 /* TestTableViewCell.xib in Resources */,
				FDF84BC328B539C000A1F160 /* LaunchScreen.storyboard in Resources */,
				FDF84BC028B539C000A1F160 /* Assets.xcassets in Resources */,
			);
			runOnlyForDeploymentPostprocessing = 0;
		};
/* End PBXResourcesBuildPhase section */

/* Begin PBXSourcesBuildPhase section */
		FDF84BAF28B539BC00A1F160 /* Sources */ = {
			isa = PBXSourcesBuildPhase;
			buildActionMask = 2147483647;
			files = (
				FDF84BCD28B5429A00A1F160 /* Models.swift in Sources */,
				FDF84BBB28B539BC00A1F160 /* ViewController.swift in Sources */,
				FDF84BDA28B66E0B00A1F160 /* AppList.swift in Sources */,
				FDF84BD728B5494C00A1F160 /* CellView.swift in Sources */,
				FDF84BB728B539BC00A1F160 /* AppDelegate.swift in Sources */,
				FDF84BDD28B78AF000A1F160 /* TestTableViewCell.swift in Sources */,
			);
			runOnlyForDeploymentPostprocessing = 0;
		};
/* End PBXSourcesBuildPhase section */

/* Begin PBXVariantGroup section */
		FDF84BC128B539C000A1F160 /* LaunchScreen.storyboard */ = {
			isa = PBXVariantGroup;
			children = (
				FDF84BC228B539C000A1F160 /* Base */,
			);
			name = LaunchScreen.storyboard;
			sourceTree = "<group>";
		};
/* End PBXVariantGroup section */

/* Begin XCBuildConfiguration section */
		FDF84BC528B539C000A1F160 /* Debug */ = {
			isa = XCBuildConfiguration;
			buildSettings = {
				ALWAYS_SEARCH_USER_PATHS = NO;
				CLANG_ANALYZER_NONNULL = YES;
				CLANG_ANALYZER_NUMBER_OBJECT_CONVERSION = YES_AGGRESSIVE;
				CLANG_CXX_LANGUAGE_STANDARD = "gnu++17";
				CLANG_ENABLE_MODULES = YES;
				CLANG_ENABLE_OBJC_ARC = YES;
				CLANG_ENABLE_OBJC_WEAK = YES;
				CLANG_WARN_BLOCK_CAPTURE_AUTORELEASING = YES;
				CLANG_WARN_BOOL_CONVERSION = YES;
				CLANG_WARN_COMMA = YES;
				CLANG_WARN_CONSTANT_CONVERSION = YES;
				CLANG_WARN_DEPRECATED_OBJC_IMPLEMENTATIONS = YES;
				CLANG_WARN_DIRECT_OBJC_ISA_USAGE = YES_ERROR;
				CLANG_WARN_DOCUMENTATION_COMMENTS = YES;
				CLANG_WARN_EMPTY_BODY = YES;
				CLANG_WARN_ENUM_CONVERSION = YES;
				CLANG_WARN_INFINITE_RECURSION = YES;
				CLANG_WARN_INT_CONVERSION = YES;
				CLANG_WARN_NON_LITERAL_NULL_CONVERSION = YES;
				CLANG_WARN_OBJC_IMPLICIT_RETAIN_SELF = YES;
				CLANG_WARN_OBJC_LITERAL_CONVERSION = YES;
				CLANG_WARN_OBJC_ROOT_CLASS = YES_ERROR;
				CLANG_WARN_QUOTED_INCLUDE_IN_FRAMEWORK_HEADER = YES;
				CLANG_WARN_RANGE_LOOP_ANALYSIS = YES;
				CLANG_WARN_STRICT_PROTOTYPES = YES;
				CLANG_WARN_SUSPICIOUS_MOVE = YES;
				CLANG_WARN_UNGUARDED_AVAILABILITY = YES_AGGRESSIVE;
				CLANG_WARN_UNREACHABLE_CODE = YES;
				CLANG_WARN__DUPLICATE_METHOD_MATCH = YES;
				COPY_PHASE_STRIP = NO;
				DEBUG_INFORMATION_FORMAT = dwarf;
				ENABLE_STRICT_OBJC_MSGSEND = YES;
				ENABLE_TESTABILITY = YES;
				GCC_C_LANGUAGE_STANDARD = gnu11;
				GCC_DYNAMIC_NO_PIC = NO;
				GCC_NO_COMMON_BLOCKS = YES;
				GCC_OPTIMIZATION_LEVEL = 0;
				GCC_PREPROCESSOR_DEFINITIONS = (
					"DEBUG=1",
					"$(inherited)",
				);
				GCC_WARN_64_TO_32_BIT_CONVERSION = YES;
				GCC_WARN_ABOUT_RETURN_TYPE = YES_ERROR;
				GCC_WARN_UNDECLARED_SELECTOR = YES;
				GCC_WARN_UNINITIALIZED_AUTOS = YES_AGGRESSIVE;
				GCC_WARN_UNUSED_FUNCTION = YES;
				GCC_WARN_UNUSED_VARIABLE = YES;
				IPHONEOS_DEPLOYMENT_TARGET = 15.5;
				MTL_ENABLE_DEBUG_INFO = INCLUDE_SOURCE;
				MTL_FAST_MATH = YES;
				ONLY_ACTIVE_ARCH = YES;
				SDKROOT = iphoneos;
				SWIFT_ACTIVE_COMPILATION_CONDITIONS = DEBUG;
				SWIFT_OPTIMIZATION_LEVEL = "-Onone";
			};
			name = Debug;
		};
		FDF84BC628B539C000A1F160 /* Release */ = {
			isa = XCBuildConfiguration;
			buildSettings = {
				ALWAYS_SEARCH_USER_PATHS = NO;
				CLANG_ANALYZER_NONNULL = YES;
				CLANG_ANALYZER_NUMBER_OBJECT_CONVERSION = YES_AGGRESSIVE;
				CLANG_CXX_LANGUAGE_STANDARD = "gnu++17";
				CLANG_ENABLE_MODULES = YES;
				CLANG_ENABLE_OBJC_ARC = YES;
				CLANG_ENABLE_OBJC_WEAK = YES;
				CLANG_WARN_BLOCK_CAPTURE_AUTORELEASING = YES;
				CLANG_WARN_BOOL_CONVERSION = YES;
				CLANG_WARN_COMMA = YES;
				CLANG_WARN_CONSTANT_CONVERSION = YES;
				CLANG_WARN_DEPRECATED_OBJC_IMPLEMENTATIONS = YES;
				CLANG_WARN_DIRECT_OBJC_ISA_USAGE = YES_ERROR;
				CLANG_WARN_DOCUMENTATION_COMMENTS = YES;
				CLANG_WARN_EMPTY_BODY = YES;
				CLANG_WARN_ENUM_CONVERSION = YES;
				CLANG_WARN_INFINITE_RECURSION = YES;
				CLANG_WARN_INT_CONVERSION = YES;
				CLANG_WARN_NON_LITERAL_NULL_CONVERSION = YES;
				CLANG_WARN_OBJC_IMPLICIT_RETAIN_SELF = YES;
				CLANG_WARN_OBJC_LITERAL_CONVERSION = YES;
				CLANG_WARN_OBJC_ROOT_CLASS = YES_ERROR;
				CLANG_WARN_QUOTED_INCLUDE_IN_FRAMEWORK_HEADER = YES;
				CLANG_WARN_RANGE_LOOP_ANALYSIS = YES;
				CLANG_WARN_STRICT_PROTOTYPES = YES;
				CLANG_WARN_SUSPICIOUS_MOVE = YES;
				CLANG_WARN_UNGUARDED_AVAILABILITY = YES_AGGRESSIVE;
				CLANG_WARN_UNREACHABLE_CODE = YES;
				CLANG_WARN__DUPLICATE_METHOD_MATCH = YES;
				COPY_PHASE_STRIP = NO;
				DEBUG_INFORMATION_FORMAT = "dwarf-with-dsym";
				ENABLE_NS_ASSERTIONS = NO;
				ENABLE_STRICT_OBJC_MSGSEND = YES;
				GCC_C_LANGUAGE_STANDARD = gnu11;
				GCC_NO_COMMON_BLOCKS = YES;
				GCC_WARN_64_TO_32_BIT_CONVERSION = YES;
				GCC_WARN_ABOUT_RETURN_TYPE = YES_ERROR;
				GCC_WARN_UNDECLARED_SELECTOR = YES;
				GCC_WARN_UNINITIALIZED_AUTOS = YES_AGGRESSIVE;
				GCC_WARN_UNUSED_FUNCTION = YES;
				GCC_WARN_UNUSED_VARIABLE = YES;
				IPHONEOS_DEPLOYMENT_TARGET = 15.5;
				MTL_ENABLE_DEBUG_INFO = NO;
				MTL_FAST_MATH = YES;
				SDKROOT = iphoneos;
				SWIFT_COMPILATION_MODE = wholemodule;
				SWIFT_OPTIMIZATION_LEVEL = "-O";
				VALIDATE_PRODUCT = YES;
			};
			name = Release;
		};
		FDF84BC828B539C000A1F160 /* Debug */ = {
			isa = XCBuildConfiguration;
			buildSettings = {
				ASSETCATALOG_COMPILER_APPICON_NAME = AppIcon;
				ASSETCATALOG_COMPILER_GLOBAL_ACCENT_COLOR_NAME = AccentColor;
				CODE_SIGN_STYLE = Automatic;
				CURRENT_PROJECT_VERSION = 1;
				DEVELOPMENT_TEAM = 58YTVL7DR5;
				GENERATE_INFOPLIST_FILE = YES;
				INFOPLIST_FILE = PhotoMaker/Info.plist;
				INFOPLIST_KEY_UIApplicationSupportsIndirectInputEvents = YES;
				INFOPLIST_KEY_UILaunchStoryboardName = LaunchScreen;
				INFOPLIST_KEY_UISupportedInterfaceOrientations = UIInterfaceOrientationPortrait;
				INFOPLIST_KEY_UISupportedInterfaceOrientations_iPad = "UIInterfaceOrientationPortrait UIInterfaceOrientationPortraitUpsideDown UIInterfaceOrientationLandscapeLeft UIInterfaceOrientationLandscapeRight";
				INFOPLIST_KEY_UISupportedInterfaceOrientations_iPhone = "UIInterfaceOrientationPortrait UIInterfaceOrientationLandscapeLeft UIInterfaceOrientationLandscapeRight";
				LD_RUNPATH_SEARCH_PATHS = (
					"$(inherited)",
					"@executable_path/Frameworks",
				);
				MARKETING_VERSION = 1.0;
				PRODUCT_BUNDLE_IDENTIFIER = com.testsite.private.PhotoMaker;
				PRODUCT_NAME = "$(TARGET_NAME)";
				SWIFT_EMIT_LOC_STRINGS = YES;
				SWIFT_VERSION = 5.0;
				TARGETED_DEVICE_FAMILY = "1,2";
			};
			name = Debug;
		};
		FDF84BC928B539C000A1F160 /* Release */ = {
			isa = XCBuildConfiguration;
			buildSettings = {
				ASSETCATALOG_COMPILER_APPICON_NAME = AppIcon;
				ASSETCATALOG_COMPILER_GLOBAL_ACCENT_COLOR_NAME = AccentColor;
				CODE_SIGN_STYLE = Automatic;
				CURRENT_PROJECT_VERSION = 1;
				DEVELOPMENT_TEAM = 58YTVL7DR5;
				GENERATE_INFOPLIST_FILE = YES;
				INFOPLIST_FILE = PhotoMaker/Info.plist;
				INFOPLIST_KEY_UIApplicationSupportsIndirectInputEvents = YES;
				INFOPLIST_KEY_UILaunchStoryboardName = LaunchScreen;
				INFOPLIST_KEY_UISupportedInterfaceOrientations = UIInterfaceOrientationPortrait;
				INFOPLIST_KEY_UISupportedInterfaceOrientations_iPad = "UIInterfaceOrientationPortrait UIInterfaceOrientationPortraitUpsideDown UIInterfaceOrientationLandscapeLeft UIInterfaceOrientationLandscapeRight";
				INFOPLIST_KEY_UISupportedInterfaceOrientations_iPhone = "UIInterfaceOrientationPortrait UIInterfaceOrientationLandscapeLeft UIInterfaceOrientationLandscapeRight";
				LD_RUNPATH_SEARCH_PATHS = (
					"$(inherited)",
					"@executable_path/Frameworks",
				);
				MARKETING_VERSION = 1.0;
				PRODUCT_BUNDLE_IDENTIFIER = com.testsite.private.PhotoMaker;
				PRODUCT_NAME = "$(TARGET_NAME)";
				SWIFT_EMIT_LOC_STRINGS = YES;
				SWIFT_VERSION = 5.0;
				TARGETED_DEVICE_FAMILY = "1,2";
			};
			name = Release;
		};
/* End XCBuildConfiguration section */

/* Begin XCConfigurationList section */
		FDF84BAE28B539BC00A1F160 /* Build configuration list for PBXProject "PhotoMaker" */ = {
			isa = XCConfigurationList;
			buildConfigurations = (
				FDF84BC528B539C000A1F160 /* Debug */,
				FDF84BC628B539C000A1F160 /* Release */,
			);
			defaultConfigurationIsVisible = 0;
			defaultConfigurationName = Release;
		};
		FDF84BC728B539C000A1F160 /* Build configuration list for PBXNativeTarget "PhotoMaker" */ = {
			isa = XCConfigurationList;
			buildConfigurations = (
				FDF84BC828B539C000A1F160 /* Debug */,
				FDF84BC928B539C000A1F160 /* Release */,
			);
			defaultConfigurationIsVisible = 0;
			defaultConfigurationName = Release;
		};
/* End XCConfigurationList section */
	};
	rootObject = FDF84BAB28B539BC00A1F160 /* Project object */;
}
